
Microsoft Visual Studio Solution File, Format Version 12.00
# Visual Studio Version 17
VisualStudioVersion = 17.11.35303.130
MinimumVisualStudioVersion = 10.0.40219.1
Project("{FAE04EC0-301F-11D3-BF4B-00C04F79EFBC}") = "Server", "UDP Network\Server.csproj", "{72BB1D9D-C101-4A17-9B2E-67B189A44033}"
EndProject
Project("{FAE04EC0-301F-11D3-BF4B-00C04F79EFBC}") = "Client1", "Client\Client1.csproj", "{194C650A-1111-4536-ADDE-B1E272F63F6C}"
EndProject
Project("{FAE04EC0-301F-11D3-BF4B-00C04F79EFBC}") = "Client2", "Client2\Client2.csproj", "{AD927F88-045E-42DA-BE27-A62FE9217D17}"
EndProject
Global
	GlobalSection(SolutionConfigurationPlatforms) = preSolution
		Debug|Any CPU = Debug|Any CPU
		Release|Any CPU = Release|Any CPU
	EndGlobalSection
	GlobalSection(ProjectConfigurationPlatforms) = postSolution
		{72BB1D9D-C101-4A17-9B2E-67B189A44033}.Debug|Any CPU.ActiveCfg = Debug|Any CPU
		{72BB1D9D-C101-4A17-9B2E-67B189A44033}.Debug|Any CPU.Build.0 = Debug|Any CPU
		{72BB1D9D-C101-4A17-9B2E-67B189A44033}.Release|Any CPU.ActiveCfg = Release|Any CPU
		{72BB1D9D-C101-4A17-9B2E-67B189A44033}.Release|Any CPU.Build.0 = Release|Any CPU
		{194C650A-1111-4536-ADDE-B1E272F63F6C}.Debug|Any CPU.ActiveCfg = Debug|Any CPU
		{194C650A-1111-4536-ADDE-B1E272F63F6C}.Debug|Any CPU.Build.0 = Debug|Any CPU
		{194C650A-1111-4536-ADDE-B1E272F63F6C}.Release|Any CPU.ActiveCfg = Release|Any CPU
		{194C650A-1111-4536-ADDE-B1E272F63F6C}.Release|Any CPU.Build.0 = Release|Any CPU
		{AD927F88-045E-42DA-BE27-A62FE9217D17}.Debug|Any CPU.ActiveCfg = Debug|Any CPU
		{AD927F88-045E-42DA-BE27-A62FE9217D17}.Debug|Any CPU.Build.0 = Debug|Any CPU
		{AD927F88-045E-42DA-BE27-A62FE9217D17}.Release|Any CPU.ActiveCfg = Release|Any CPU
		{AD927F88-045E-42DA-BE27-A62FE9217D17}.Release|Any CPU.Build.0 = Release|Any CPU
	EndGlobalSection
	GlobalSection(SolutionProperties) = preSolution
		HideSolutionNode = FALSE
	EndGlobalSection
	GlobalSection(ExtensibilityGlobals) = postSolution
		SolutionGuid = {172AB2B6-8C3A-4E0A-AB03-800F67D7DD4A}
	EndGlobalSection
EndGlobal
